
Microsoft Visual Studio Solution File, Format Version 12.00
# Visual Studio Version 17
VisualStudioVersion = 17.7.34009.444
MinimumVisualStudioVersion = 10.0.40219.1
Project("{9A19103F-16F7-4668-BE54-9A1E7A4F7556}") = "TaskManagement.Domain", "TaskManagement.Domain\TaskManagement.Domain.csproj", "{E0AC34AD-84B3-46BF-BA48-37CB5E7EBAC0}"
EndProject
Project("{9A19103F-16F7-4668-BE54-9A1E7A4F7556}") = "TaskManagement.Infrastructure", "TaskManagement.Infrastructure\TaskManagement.Infrastructure.csproj", "{4CEFF238-72A6-4C6D-A879-2BFA7F6F2ECA}"
EndProject
Project("{9A19103F-16F7-4668-BE54-9A1E7A4F7556}") = "TaskManagement.WebAPI", "TaskManagement.WebAPI\TaskManagement.WebAPI.csproj", "{E9BCAA42-DD7E-4EE7-BF1A-469CFD1CA647}"
EndProject
Project("{9A19103F-16F7-4668-BE54-9A1E7A4F7556}") = "TaskManagement.Web", "TaskManagement.Web\TaskManagement.Web.csproj", "{1AEDA3F9-29DB-4C5B-BA69-01C97D3CD9A2}"
EndProject
Global
	GlobalSection(SolutionConfigurationPlatforms) = preSolution
		Debug|Any CPU = Debug|Any CPU
		Release|Any CPU = Release|Any CPU
	EndGlobalSection
	GlobalSection(ProjectConfigurationPlatforms) = postSolution
		{E0AC34AD-84B3-46BF-BA48-37CB5E7EBAC0}.Debug|Any CPU.ActiveCfg = Debug|Any CPU
		{E0AC34AD-84B3-46BF-BA48-37CB5E7EBAC0}.Debug|Any CPU.Build.0 = Debug|Any CPU
		{E0AC34AD-84B3-46BF-BA48-37CB5E7EBAC0}.Release|Any CPU.ActiveCfg = Release|Any CPU
		{E0AC34AD-84B3-46BF-BA48-37CB5E7EBAC0}.Release|Any CPU.Build.0 = Release|Any CPU
		{4CEFF238-72A6-4C6D-A879-2BFA7F6F2ECA}.Debug|Any CPU.ActiveCfg = Debug|Any CPU
		{4CEFF238-72A6-4C6D-A879-2BFA7F6F2ECA}.Debug|Any CPU.Build.0 = Debug|Any CPU
		{4CEFF238-72A6-4C6D-A879-2BFA7F6F2ECA}.Release|Any CPU.ActiveCfg = Release|Any CPU
		{4CEFF238-72A6-4C6D-A879-2BFA7F6F2ECA}.Release|Any CPU.Build.0 = Release|Any CPU
		{E9BCAA42-DD7E-4EE7-BF1A-469CFD1CA647}.Debug|Any CPU.ActiveCfg = Debug|Any CPU
		{E9BCAA42-DD7E-4EE7-BF1A-469CFD1CA647}.Debug|Any CPU.Build.0 = Debug|Any CPU
		{E9BCAA42-DD7E-4EE7-BF1A-469CFD1CA647}.Release|Any CPU.ActiveCfg = Release|Any CPU
		{E9BCAA42-DD7E-4EE7-BF1A-469CFD1CA647}.Release|Any CPU.Build.0 = Release|Any CPU
		{1AEDA3F9-29DB-4C5B-BA69-01C97D3CD9A2}.Debug|Any CPU.ActiveCfg = Debug|Any CPU
		{1AEDA3F9-29DB-4C5B-BA69-01C97D3CD9A2}.Debug|Any CPU.Build.0 = Debug|Any CPU
		{1AEDA3F9-29DB-4C5B-BA69-01C97D3CD9A2}.Release|Any CPU.ActiveCfg = Release|Any CPU
		{1AEDA3F9-29DB-4C5B-BA69-01C97D3CD9A2}.Release|Any CPU.Build.0 = Release|Any CPU
	EndGlobalSection
	GlobalSection(SolutionProperties) = preSolution
		HideSolutionNode = FALSE
	EndGlobalSection
	GlobalSection(ExtensibilityGlobals) = postSolution
		SolutionGuid = {53AD6B5A-19CB-4541-9640-0E7D9473A557}
	EndGlobalSection
EndGlobal
